
Microsoft Visual Studio Solution File, Format Version 12.00
# Visual Studio Version 17
VisualStudioVersion = 17.11.35327.3
MinimumVisualStudioVersion = 10.0.40219.1
Project("{2150E333-8FDC-42A3-9474-1A3956D46DE8}") = "01_Base", "01_Base", "{A1ED3C53-F990-4850-A4B6-018D2ABAC1E0}"
EndProject
Project("{2150E333-8FDC-42A3-9474-1A3956D46DE8}") = "02_Domain", "02_Domain", "{31541D87-1EEB-4F89-BA3E-D974F98F54EE}"
EndProject
Project("{2150E333-8FDC-42A3-9474-1A3956D46DE8}") = "03_App", "03_App", "{16AF1D34-84CE-4B6E-B466-4734245D08D3}"
EndProject
Project("{2150E333-8FDC-42A3-9474-1A3956D46DE8}") = "04_Infre", "04_Infre", "{485A172A-B888-4133-B532-6498AD2A1F72}"
EndProject
Project("{2150E333-8FDC-42A3-9474-1A3956D46DE8}") = "05_UI", "05_UI", "{EB7AA3EE-2754-4815-8626-F4E6344EAEED}"
EndProject
Project("{9A19103F-16F7-4668-BE54-9A1E7A4F7556}") = "domain", "domain\domain.csproj", "{47A19314-75DC-49A9-B60D-1BA61A8813B5}"
EndProject
Project("{9A19103F-16F7-4668-BE54-9A1E7A4F7556}") = "application", "applicatio\application.csproj", "{A8DA9CBE-E6CA-41A1-803D-8F59AA66ECEE}"
EndProject
Project("{9A19103F-16F7-4668-BE54-9A1E7A4F7556}") = "infrastructure", "infrastructure\infrastructure.csproj", "{6C919CD1-45B8-456F-AA53-A468B604BDCB}"
EndProject
Project("{9A19103F-16F7-4668-BE54-9A1E7A4F7556}") = "UI", "UI\UI.csproj", "{DB95A0A3-65BC-4D4E-800D-391596B142EE}"
EndProject
Project("{9A19103F-16F7-4668-BE54-9A1E7A4F7556}") = "IOC", "IO\IOC.csproj", "{6069B870-190A-4800-853A-C161ABE73F8E}"
EndProject
Project("{9A19103F-16F7-4668-BE54-9A1E7A4F7556}") = "Base", "Base\Base.csproj", "{33AE2298-5AC8-4A04-9199-88B442027933}"
EndProject
Project("{2150E333-8FDC-42A3-9474-1A3956D46DE8}") = "06_SignalRConfig", "06_SignalRConfig", "{E524C008-7BDD-4684-B543-715682F4B980}"
EndProject
Project("{9A19103F-16F7-4668-BE54-9A1E7A4F7556}") = "WebApplication1", "..\WebApplication1\WebApplication1\WebApplication1.csproj", "{2C608C1B-0EF1-4D63-9C19-319F1602551F}"
EndProject
Project("{9A19103F-16F7-4668-BE54-9A1E7A4F7556}") = "QuartzInfrastructure", "quartz-integrations\QuartzInfrastructure\QuartzInfrastructure.csproj", "{A3F23235-C2FD-42E5-A001-138E6F16BE41}"
EndProject
Project("{2150E333-8FDC-42A3-9474-1A3956D46DE8}") = "07_QuartzConfig", "07_QuartzConfig", "{08E3F096-398A-43EA-9C40-BDE240205EFA}"
EndProject
Project("{9A19103F-16F7-4668-BE54-9A1E7A4F7556}") = "QuartzIntegrations.Core", "quartz-integrations\QuartzIntegrations.Core\QuartzIntegrations.Core.csproj", "{359F883F-BA75-4FED-900F-8AF9A9AE8147}"
EndProject
Global
	GlobalSection(SolutionConfigurationPlatforms) = preSolution
		Debug|Any CPU = Debug|Any CPU
		Release|Any CPU = Release|Any CPU
	EndGlobalSection
	GlobalSection(ProjectConfigurationPlatforms) = postSolution
		{47A19314-75DC-49A9-B60D-1BA61A8813B5}.Debug|Any CPU.ActiveCfg = Debug|Any CPU
		{47A19314-75DC-49A9-B60D-1BA61A8813B5}.Debug|Any CPU.Build.0 = Debug|Any CPU
		{47A19314-75DC-49A9-B60D-1BA61A8813B5}.Release|Any CPU.ActiveCfg = Release|Any CPU
		{47A19314-75DC-49A9-B60D-1BA61A8813B5}.Release|Any CPU.Build.0 = Release|Any CPU
		{A8DA9CBE-E6CA-41A1-803D-8F59AA66ECEE}.Debug|Any CPU.ActiveCfg = Debug|Any CPU
		{A8DA9CBE-E6CA-41A1-803D-8F59AA66ECEE}.Debug|Any CPU.Build.0 = Debug|Any CPU
		{A8DA9CBE-E6CA-41A1-803D-8F59AA66ECEE}.Release|Any CPU.ActiveCfg = Release|Any CPU
		{A8DA9CBE-E6CA-41A1-803D-8F59AA66ECEE}.Release|Any CPU.Build.0 = Release|Any CPU
		{6C919CD1-45B8-456F-AA53-A468B604BDCB}.Debug|Any CPU.ActiveCfg = Debug|Any CPU
		{6C919CD1-45B8-456F-AA53-A468B604BDCB}.Debug|Any CPU.Build.0 = Debug|Any CPU
		{6C919CD1-45B8-456F-AA53-A468B604BDCB}.Release|Any CPU.ActiveCfg = Release|Any CPU
		{6C919CD1-45B8-456F-AA53-A468B604BDCB}.Release|Any CPU.Build.0 = Release|Any CPU
		{DB95A0A3-65BC-4D4E-800D-391596B142EE}.Debug|Any CPU.ActiveCfg = Debug|Any CPU
		{DB95A0A3-65BC-4D4E-800D-391596B142EE}.Debug|Any CPU.Build.0 = Debug|Any CPU
		{DB95A0A3-65BC-4D4E-800D-391596B142EE}.Release|Any CPU.ActiveCfg = Release|Any CPU
		{DB95A0A3-65BC-4D4E-800D-391596B142EE}.Release|Any CPU.Build.0 = Release|Any CPU
		{6069B870-190A-4800-853A-C161ABE73F8E}.Debug|Any CPU.ActiveCfg = Debug|Any CPU
		{6069B870-190A-4800-853A-C161ABE73F8E}.Debug|Any CPU.Build.0 = Debug|Any CPU
		{6069B870-190A-4800-853A-C161ABE73F8E}.Release|Any CPU.ActiveCfg = Release|Any CPU
		{6069B870-190A-4800-853A-C161ABE73F8E}.Release|Any CPU.Build.0 = Release|Any CPU
		{33AE2298-5AC8-4A04-9199-88B442027933}.Debug|Any CPU.ActiveCfg = Debug|Any CPU
		{33AE2298-5AC8-4A04-9199-88B442027933}.Debug|Any CPU.Build.0 = Debug|Any CPU
		{33AE2298-5AC8-4A04-9199-88B442027933}.Release|Any CPU.ActiveCfg = Release|Any CPU
		{33AE2298-5AC8-4A04-9199-88B442027933}.Release|Any CPU.Build.0 = Release|Any CPU
		{2C608C1B-0EF1-4D63-9C19-319F1602551F}.Debug|Any CPU.ActiveCfg = Debug|Any CPU
		{2C608C1B-0EF1-4D63-9C19-319F1602551F}.Debug|Any CPU.Build.0 = Debug|Any CPU
		{2C608C1B-0EF1-4D63-9C19-319F1602551F}.Release|Any CPU.ActiveCfg = Release|Any CPU
		{2C608C1B-0EF1-4D63-9C19-319F1602551F}.Release|Any CPU.Build.0 = Release|Any CPU
		{A3F23235-C2FD-42E5-A001-138E6F16BE41}.Debug|Any CPU.ActiveCfg = Debug|Any CPU
		{A3F23235-C2FD-42E5-A001-138E6F16BE41}.Debug|Any CPU.Build.0 = Debug|Any CPU
		{A3F23235-C2FD-42E5-A001-138E6F16BE41}.Release|Any CPU.ActiveCfg = Release|Any CPU
		{A3F23235-C2FD-42E5-A001-138E6F16BE41}.Release|Any CPU.Build.0 = Release|Any CPU
		{359F883F-BA75-4FED-900F-8AF9A9AE8147}.Debug|Any CPU.ActiveCfg = Debug|Any CPU
		{359F883F-BA75-4FED-900F-8AF9A9AE8147}.Debug|Any CPU.Build.0 = Debug|Any CPU
		{359F883F-BA75-4FED-900F-8AF9A9AE8147}.Release|Any CPU.ActiveCfg = Release|Any CPU
		{359F883F-BA75-4FED-900F-8AF9A9AE8147}.Release|Any CPU.Build.0 = Release|Any CPU
	EndGlobalSection
	GlobalSection(SolutionProperties) = preSolution
		HideSolutionNode = FALSE
	EndGlobalSection
	GlobalSection(NestedProjects) = preSolution
		{47A19314-75DC-49A9-B60D-1BA61A8813B5} = {31541D87-1EEB-4F89-BA3E-D974F98F54EE}
		{A8DA9CBE-E6CA-41A1-803D-8F59AA66ECEE} = {16AF1D34-84CE-4B6E-B466-4734245D08D3}
		{6C919CD1-45B8-456F-AA53-A468B604BDCB} = {485A172A-B888-4133-B532-6498AD2A1F72}
		{DB95A0A3-65BC-4D4E-800D-391596B142EE} = {EB7AA3EE-2754-4815-8626-F4E6344EAEED}
		{6069B870-190A-4800-853A-C161ABE73F8E} = {485A172A-B888-4133-B532-6498AD2A1F72}
		{33AE2298-5AC8-4A04-9199-88B442027933} = {A1ED3C53-F990-4850-A4B6-018D2ABAC1E0}
		{2C608C1B-0EF1-4D63-9C19-319F1602551F} = {E524C008-7BDD-4684-B543-715682F4B980}
		{A3F23235-C2FD-42E5-A001-138E6F16BE41} = {08E3F096-398A-43EA-9C40-BDE240205EFA}
		{359F883F-BA75-4FED-900F-8AF9A9AE8147} = {08E3F096-398A-43EA-9C40-BDE240205EFA}
	EndGlobalSection
	GlobalSection(ExtensibilityGlobals) = postSolution
		SolutionGuid = {8CD3440D-273E-4E88-B6C1-B90EF7653231}
	EndGlobalSection
EndGlobal
