
Microsoft Visual Studio Solution File, Format Version 12.00
# Visual Studio Version 17
VisualStudioVersion = 17.8.34601.278
MinimumVisualStudioVersion = 10.0.40219.1
Project("{9A19103F-16F7-4668-BE54-9A1E7A4F7556}") = "QuartzIntegrations.Core", "QuartzIntegrations.Core\QuartzIntegrations.Core.csproj", "{CEAA4CB5-F8DA-4A9E-9AAE-FCD96CA7718B}"
EndProject
Project("{9A19103F-16F7-4668-BE54-9A1E7A4F7556}") = "QuartzInfrastructure", "QuartzInfrastructure\QuartzInfrastructure.csproj", "{736C3BDC-AE69-4501-8EE5-3AB13A23D497}"
EndProject
Project("{9A19103F-16F7-4668-BE54-9A1E7A4F7556}") = "QuartzApplications", "QuartzApplications\QuartzApplications.csproj", "{7201857A-CAB1-4DA0-BF49-AD45D22EC2A4}"
EndProject
Global
	GlobalSection(SolutionConfigurationPlatforms) = preSolution
		Debug|Any CPU = Debug|Any CPU
		Release|Any CPU = Release|Any CPU
	EndGlobalSection
	GlobalSection(ProjectConfigurationPlatforms) = postSolution
		{CEAA4CB5-F8DA-4A9E-9AAE-FCD96CA7718B}.Debug|Any CPU.ActiveCfg = Debug|Any CPU
		{CEAA4CB5-F8DA-4A9E-9AAE-FCD96CA7718B}.Debug|Any CPU.Build.0 = Debug|Any CPU
		{CEAA4CB5-F8DA-4A9E-9AAE-FCD96CA7718B}.Release|Any CPU.ActiveCfg = Release|Any CPU
		{CEAA4CB5-F8DA-4A9E-9AAE-FCD96CA7718B}.Release|Any CPU.Build.0 = Release|Any CPU
		{736C3BDC-AE69-4501-8EE5-3AB13A23D497}.Debug|Any CPU.ActiveCfg = Debug|Any CPU
		{736C3BDC-AE69-4501-8EE5-3AB13A23D497}.Debug|Any CPU.Build.0 = Debug|Any CPU
		{736C3BDC-AE69-4501-8EE5-3AB13A23D497}.Release|Any CPU.ActiveCfg = Release|Any CPU
		{736C3BDC-AE69-4501-8EE5-3AB13A23D497}.Release|Any CPU.Build.0 = Release|Any CPU
		{7201857A-CAB1-4DA0-BF49-AD45D22EC2A4}.Debug|Any CPU.ActiveCfg = Debug|Any CPU
		{7201857A-CAB1-4DA0-BF49-AD45D22EC2A4}.Debug|Any CPU.Build.0 = Debug|Any CPU
		{7201857A-CAB1-4DA0-BF49-AD45D22EC2A4}.Release|Any CPU.ActiveCfg = Release|Any CPU
		{7201857A-CAB1-4DA0-BF49-AD45D22EC2A4}.Release|Any CPU.Build.0 = Release|Any CPU
	EndGlobalSection
	GlobalSection(SolutionProperties) = preSolution
		HideSolutionNode = FALSE
	EndGlobalSection
	GlobalSection(ExtensibilityGlobals) = postSolution
		SolutionGuid = {BDF73719-BE9A-43C4-BC69-44B8B51AA554}
	EndGlobalSection
EndGlobal
